
Microsoft Visual Studio Solution File, Format Version 12.00
# Visual Studio Version 17
VisualStudioVersion = 17.7.34031.279
MinimumVisualStudioVersion = 10.0.40219.1
Project("{2150E333-8FDC-42A3-9474-1A3956D46DE8}") = "Applications", "Applications", "{51859E19-B0EF-4905-8D6E-C849B5FDE933}"
EndProject
Project("{2150E333-8FDC-42A3-9474-1A3956D46DE8}") = "Modules", "Modules", "{9DE74A85-72FF-448E-9E43-D8AB49732672}"
EndProject
Project("{2150E333-8FDC-42A3-9474-1A3956D46DE8}") = "Windows", "Windows", "{9482FBC4-446D-4B96-864A-B968B85125A2}"
EndProject
Project("{2150E333-8FDC-42A3-9474-1A3956D46DE8}") = "Server", "Server", "{57C39255-7E87-4525-AE5F-C5F8BA58CAF2}"
EndProject
Project("{9A19103F-16F7-4668-BE54-9A1E7A4F7556}") = "Cloud.ERP.Module", "Cloud.ERP.Module\Cloud.ERP.Module.csproj", "{4CF3A262-127E-42AF-899C-ACFC6B2D8886}"
EndProject
Project("{9A19103F-16F7-4668-BE54-9A1E7A4F7556}") = "Cloud.ERP.Blazor.Server", "Cloud.ERP.Blazor.Server\Cloud.ERP.Blazor.Server.csproj", "{51909010-D6C8-4674-9FFE-A2B44FA28AED}"
EndProject
Project("{9A19103F-16F7-4668-BE54-9A1E7A4F7556}") = "Cloud.ERP.Win", "Cloud.ERP.Win\Cloud.ERP.Win.csproj", "{E8D88884-D407-4E2D-B100-2F5FD19AA855}"
EndProject
Project("{FAE04EC0-301F-11D3-BF4B-00C04F79EFBC}") = "PostgreSQLMigrationUtility", "SQLServerToPostgresSQLUtility\PostgreSQLMigrationUtility\PostgreSQLMigrationUtility.csproj", "{F7E092B8-1396-4774-918F-5AC616CE196E}"
EndProject
Global
	GlobalSection(SolutionConfigurationPlatforms) = preSolution
		Debug|Any CPU = Debug|Any CPU
		EasyTest|Any CPU = EasyTest|Any CPU
		Release|Any CPU = Release|Any CPU
	EndGlobalSection
	GlobalSection(ProjectConfigurationPlatforms) = postSolution
		{4CF3A262-127E-42AF-899C-ACFC6B2D8886}.Debug|Any CPU.ActiveCfg = Debug|Any CPU
		{4CF3A262-127E-42AF-899C-ACFC6B2D8886}.Debug|Any CPU.Build.0 = Debug|Any CPU
		{4CF3A262-127E-42AF-899C-ACFC6B2D8886}.EasyTest|Any CPU.ActiveCfg = EasyTest|Any CPU
		{4CF3A262-127E-42AF-899C-ACFC6B2D8886}.EasyTest|Any CPU.Build.0 = EasyTest|Any CPU
		{4CF3A262-127E-42AF-899C-ACFC6B2D8886}.Release|Any CPU.ActiveCfg = Release|Any CPU
		{4CF3A262-127E-42AF-899C-ACFC6B2D8886}.Release|Any CPU.Build.0 = Release|Any CPU
		{51909010-D6C8-4674-9FFE-A2B44FA28AED}.Debug|Any CPU.ActiveCfg = Debug|Any CPU
		{51909010-D6C8-4674-9FFE-A2B44FA28AED}.Debug|Any CPU.Build.0 = Debug|Any CPU
		{51909010-D6C8-4674-9FFE-A2B44FA28AED}.EasyTest|Any CPU.ActiveCfg = EasyTest|Any CPU
		{51909010-D6C8-4674-9FFE-A2B44FA28AED}.EasyTest|Any CPU.Build.0 = EasyTest|Any CPU
		{51909010-D6C8-4674-9FFE-A2B44FA28AED}.Release|Any CPU.ActiveCfg = Release|Any CPU
		{51909010-D6C8-4674-9FFE-A2B44FA28AED}.Release|Any CPU.Build.0 = Release|Any CPU
		{E8D88884-D407-4E2D-B100-2F5FD19AA855}.Debug|Any CPU.ActiveCfg = Debug|Any CPU
		{E8D88884-D407-4E2D-B100-2F5FD19AA855}.Debug|Any CPU.Build.0 = Debug|Any CPU
		{E8D88884-D407-4E2D-B100-2F5FD19AA855}.EasyTest|Any CPU.ActiveCfg = EasyTest|Any CPU
		{E8D88884-D407-4E2D-B100-2F5FD19AA855}.EasyTest|Any CPU.Build.0 = EasyTest|Any CPU
		{E8D88884-D407-4E2D-B100-2F5FD19AA855}.Release|Any CPU.ActiveCfg = Release|Any CPU
		{E8D88884-D407-4E2D-B100-2F5FD19AA855}.Release|Any CPU.Build.0 = Release|Any CPU
		{F7E092B8-1396-4774-918F-5AC616CE196E}.Debug|Any CPU.ActiveCfg = Debug|Any CPU
		{F7E092B8-1396-4774-918F-5AC616CE196E}.Debug|Any CPU.Build.0 = Debug|Any CPU
		{F7E092B8-1396-4774-918F-5AC616CE196E}.EasyTest|Any CPU.ActiveCfg = Debug|Any CPU
		{F7E092B8-1396-4774-918F-5AC616CE196E}.EasyTest|Any CPU.Build.0 = Debug|Any CPU
		{F7E092B8-1396-4774-918F-5AC616CE196E}.Release|Any CPU.ActiveCfg = Release|Any CPU
		{F7E092B8-1396-4774-918F-5AC616CE196E}.Release|Any CPU.Build.0 = Release|Any CPU
	EndGlobalSection
	GlobalSection(SolutionProperties) = preSolution
		HideSolutionNode = FALSE
	EndGlobalSection
	GlobalSection(NestedProjects) = preSolution
		{9482FBC4-446D-4B96-864A-B968B85125A2} = {51859E19-B0EF-4905-8D6E-C849B5FDE933}
		{57C39255-7E87-4525-AE5F-C5F8BA58CAF2} = {51859E19-B0EF-4905-8D6E-C849B5FDE933}
		{4CF3A262-127E-42AF-899C-ACFC6B2D8886} = {9DE74A85-72FF-448E-9E43-D8AB49732672}
		{51909010-D6C8-4674-9FFE-A2B44FA28AED} = {57C39255-7E87-4525-AE5F-C5F8BA58CAF2}
		{E8D88884-D407-4E2D-B100-2F5FD19AA855} = {9482FBC4-446D-4B96-864A-B968B85125A2}
		{F7E092B8-1396-4774-918F-5AC616CE196E} = {9482FBC4-446D-4B96-864A-B968B85125A2}
	EndGlobalSection
	GlobalSection(ExtensibilityGlobals) = postSolution
		SolutionGuid = {AB4ED92F-A895-4D40-A28D-CD9DDFDCCA90}
	EndGlobalSection
EndGlobal
